<?xml version="1.0" encoding="utf-8"?>
<Project ToolsVersion="4.0" xmlns="http://schemas.microsoft.com/developer/msbuild/2003">
  <ItemGroup>
    <Filter Include="Source Files">
      <UniqueIdentifier>{4FC737F1-C7A5-4376-A066-2A32D752A2FF}</UniqueIdentifier>
      <Extensions>cpp;c;cc;cxx;def;odl;idl;hpj;bat;asm;asmx</Extensions>
    </Filter>
    <Filter Include="Header Files">
      <UniqueIdentifier>{93995380-89BD-4b04-88EB-625FBE52EBFB}</UniqueIdentifier>
      <Extensions>h;hh;hpp;hxx;hm;inl;inc;xsd</Extensions>
    </Filter>
    <Filter Include="Resource Files">
      <UniqueIdentifier>{67DA6AB6-F800-4c08-8B7A-83BB121AAD01}</UniqueIdentifier>
      <Extensions>rc;ico;cur;bmp;dlg;rc2;rct;bin;rgs;gif;jpg;jpeg;jpe;resx;tiff;tif;png;wav;mfcribbon-ms</Extensions>
    </Filter>
    <Filter Include="Header Files\system">
      <UniqueIdentifier>{7aa5ab99-1470-4789-b1ea-441b2eddcba5}</UniqueIdentifier>
    </Filter>
    <Filter Include="Source Files\system">
      <UniqueIdentifier>{3a732e80-f7ff-4b86-ae02-c9b7da61aaf8}</UniqueIdentifier>
    </Filter>
  </ItemGroup>
  <ItemGroup>
    <ClCompile Include="..\src\system\bootstrap.cpp">
      <Filter>Source Files\system</Filter>
    </ClCompile>
    <ClCompile Include="..\src\system\display.cpp">
      <Filter>Source Files\system</Filter>
    </ClCompile>
    <ClCompile Include="..\src\system\test-manager.cpp">
      <Filter>Source Files\system</Filter>
    </ClCompile>
    <ClCompile Include="..\src\system\egl-window.cpp">
      <Filter>Source Files\system</Filter>
    </ClCompile>
    <ClCompile Include="..\src\install-tests.cpp">
      <Filter>Source Files</Filter>
    </ClCompile>
    <ClCompile Include="..\src\basic-test.cpp">
      <Filter>Source Files</Filter>
    </ClCompile>
    <ClCompile Include="..\src\system\load-gl-program.cpp">
      <Filter>Source Files\system</Filter>
    </ClCompile>
    <ClCompile Include="..\src\system\load-gl-texture.cpp">
      <Filter>Source Files\system</Filter>
    </ClCompile>
  </ItemGroup>
  <ItemGroup>
    <ClInclude Include="..\src\system\display.hpp">
      <Filter>Header Files\system</Filter>
    </ClInclude>
    <ClInclude Include="..\src\system\test-manager.hpp">
      <Filter>Header Files\system</Filter>
    </ClInclude>
    <ClInclude Include="..\src\system\resources.h">
      <Filter>Header Files\system</Filter>
    </ClInclude>
    <ClInclude Include="..\src\system\egl-window.hpp">
      <Filter>Header Files\system</Filter>
    </ClInclude>
    <ClInclude Include="..\src\system\test.hpp">
      <Filter>Header Files\system</Filter>
    </ClInclude>
    <ClInclude Include="..\src\basic-test.hpp">
      <Filter>Header Files</Filter>
    </ClInclude>
    <ClInclude Include="..\src\system\read-text-stream.hpp">
      <Filter>Header Files\system</Filter>
    </ClInclude>
    <ClInclude Include="..\src\system\unique-gl-resources.hpp">
      <Filter>Header Files\system</Filter>
    </ClInclude>
    <ClInclude Include="..\src\system\load-gl-program.hpp">
      <Filter>Header Files\system</Filter>
    </ClInclude>
    <ClInclude Include="..\src\system\unique-handle.hpp">
      <Filter>Header Files\system</Filter>
    </ClInclude>
    <ClInclude Include="..\src\system\load-gl-texture.hpp">
      <Filter>Header Files\system</Filter>
    </ClInclude>
    <ClInclude Include="..\src\system\mat4x4.h">
      <Filter>Header Files\system</Filter>
    </ClInclude>
    <ClInclude Include="..\src\system\vec2.h">
      <Filter>Header Files\system</Filter>
    </ClInclude>
    <ClInclude Include="..\src\system\vec3.h">
      <Filter>Header Files\system</Filter>
    </ClInclude>
    <ClInclude Include="..\src\system\vec4.h">
      <Filter>Header Files\system</Filter>
    </ClInclude>
  </ItemGroup>
  <ItemGroup>
    <ResourceCompile Include="..\src\system\resources.rc">
      <Filter>Resource Files</Filter>
    </ResourceCompile>
  </ItemGroup>
</Project>